
Microsoft Visual Studio Solution File, Format Version 12.00
# Visual Studio Version 17
VisualStudioVersion = 17.4.33205.214
MinimumVisualStudioVersion = 10.0.40219.1
Project("{9A19103F-16F7-4668-BE54-9A1E7A4F7556}") = "LanesmithJAssignment3", "LanesmithJAssignment3\LanesmithJAssignment3.csproj", "{4119B2AB-379D-4422-882C-B603C9404188}"
EndProject
Project("{9A19103F-16F7-4668-BE54-9A1E7A4F7556}") = "ClinicalNotes", "ClinicalNotes\ClinicalNotes.csproj", "{EA31B1BA-2D94-4C3F-A76A-51E85A686D96}"
EndProject
Global
	GlobalSection(SolutionConfigurationPlatforms) = preSolution
		Debug|Any CPU = Debug|Any CPU
		Release|Any CPU = Release|Any CPU
	EndGlobalSection
	GlobalSection(ProjectConfigurationPlatforms) = postSolution
		{4119B2AB-379D-4422-882C-B603C9404188}.Debug|Any CPU.ActiveCfg = Debug|Any CPU
		{4119B2AB-379D-4422-882C-B603C9404188}.Debug|Any CPU.Build.0 = Debug|Any CPU
		{4119B2AB-379D-4422-882C-B603C9404188}.Release|Any CPU.ActiveCfg = Release|Any CPU
		{4119B2AB-379D-4422-882C-B603C9404188}.Release|Any CPU.Build.0 = Release|Any CPU
		{EA31B1BA-2D94-4C3F-A76A-51E85A686D96}.Debug|Any CPU.ActiveCfg = Debug|Any CPU
		{EA31B1BA-2D94-4C3F-A76A-51E85A686D96}.Debug|Any CPU.Build.0 = Debug|Any CPU
		{EA31B1BA-2D94-4C3F-A76A-51E85A686D96}.Release|Any CPU.ActiveCfg = Release|Any CPU
		{EA31B1BA-2D94-4C3F-A76A-51E85A686D96}.Release|Any CPU.Build.0 = Release|Any CPU
	EndGlobalSection
	GlobalSection(SolutionProperties) = preSolution
		HideSolutionNode = FALSE
	EndGlobalSection
	GlobalSection(ExtensibilityGlobals) = postSolution
		SolutionGuid = {8C6E22C7-1278-4222-837E-61C7096FB159}
	EndGlobalSection
EndGlobal
